
Microsoft Visual Studio Solution File, Format Version 12.00
# Visual Studio Version 17
VisualStudioVersion = 17.4.33213.308
MinimumVisualStudioVersion = 10.0.40219.1
Project("{2150E333-8FDC-42A3-9474-1A3956D46DE8}") = "src", "src", "{2E82BE29-572C-4CAF-9C19-4E0CD5BB9A8A}"
EndProject
Project("{2150E333-8FDC-42A3-9474-1A3956D46DE8}") = "Services", "Services", "{572BEA2C-2479-4539-8D06-71AF04300A65}"
EndProject
Project("{2150E333-8FDC-42A3-9474-1A3956D46DE8}") = "Users", "Users", "{3FE695F2-0429-4E23-9DBF-5B10BEE8E067}"
EndProject
Project("{2150E333-8FDC-42A3-9474-1A3956D46DE8}") = "Core", "Core", "{6451EBFE-B747-4FE3-B0BE-76D8797E1E1B}"
EndProject
Project("{FAE04EC0-301F-11D3-BF4B-00C04F79EFBC}") = "Users.Domain", "src\Services\Users\Core\Users.Domain\Users.Domain.csproj", "{44E385F2-E99B-4A54-8323-00A5FA16FE65}"
EndProject
Project("{2150E333-8FDC-42A3-9474-1A3956D46DE8}") = "Infrastructure", "Infrastructure", "{DED124CA-FE39-4151-834A-FBA78123437A}"
EndProject
Project("{FAE04EC0-301F-11D3-BF4B-00C04F79EFBC}") = "Users.Infrastructure", "src\Services\Users\Infrastructure\Users.Infrastructure\Users.Infrastructure.csproj", "{7EC22336-66A2-4DE2-ACB5-BE1CD2728025}"
EndProject
Project("{FAE04EC0-301F-11D3-BF4B-00C04F79EFBC}") = "Users.Application", "src\Services\Users\Core\Users.Application\Users.Application.csproj", "{B1A312DB-4D3A-4232-8333-9A44456B9780}"
EndProject
Project("{FAE04EC0-301F-11D3-BF4B-00C04F79EFBC}") = "Users.Models", "src\Services\Users\Core\Users.Models\Users.Models.csproj", "{88FEAB73-CFF5-49AD-9A02-443AF7B32A6E}"
EndProject
Project("{2150E333-8FDC-42A3-9474-1A3956D46DE8}") = "Persistence", "Persistence", "{1C5CF5DC-E743-43B1-91FE-F8376988E173}"
EndProject
Project("{FAE04EC0-301F-11D3-BF4B-00C04F79EFBC}") = "Users.Persistence", "src\Services\Users\Persistence\Users.Persistence\Users.Persistence.csproj", "{2BC7C090-E05A-494E-8AD6-F28FD496F9AB}"
EndProject
Global
	GlobalSection(SolutionConfigurationPlatforms) = preSolution
		Debug|Any CPU = Debug|Any CPU
		Release|Any CPU = Release|Any CPU
	EndGlobalSection
	GlobalSection(ProjectConfigurationPlatforms) = postSolution
		{44E385F2-E99B-4A54-8323-00A5FA16FE65}.Debug|Any CPU.ActiveCfg = Debug|Any CPU
		{44E385F2-E99B-4A54-8323-00A5FA16FE65}.Debug|Any CPU.Build.0 = Debug|Any CPU
		{44E385F2-E99B-4A54-8323-00A5FA16FE65}.Release|Any CPU.ActiveCfg = Release|Any CPU
		{44E385F2-E99B-4A54-8323-00A5FA16FE65}.Release|Any CPU.Build.0 = Release|Any CPU
		{7EC22336-66A2-4DE2-ACB5-BE1CD2728025}.Debug|Any CPU.ActiveCfg = Debug|Any CPU
		{7EC22336-66A2-4DE2-ACB5-BE1CD2728025}.Debug|Any CPU.Build.0 = Debug|Any CPU
		{7EC22336-66A2-4DE2-ACB5-BE1CD2728025}.Release|Any CPU.ActiveCfg = Release|Any CPU
		{7EC22336-66A2-4DE2-ACB5-BE1CD2728025}.Release|Any CPU.Build.0 = Release|Any CPU
		{B1A312DB-4D3A-4232-8333-9A44456B9780}.Debug|Any CPU.ActiveCfg = Debug|Any CPU
		{B1A312DB-4D3A-4232-8333-9A44456B9780}.Debug|Any CPU.Build.0 = Debug|Any CPU
		{B1A312DB-4D3A-4232-8333-9A44456B9780}.Release|Any CPU.ActiveCfg = Release|Any CPU
		{B1A312DB-4D3A-4232-8333-9A44456B9780}.Release|Any CPU.Build.0 = Release|Any CPU
		{88FEAB73-CFF5-49AD-9A02-443AF7B32A6E}.Debug|Any CPU.ActiveCfg = Debug|Any CPU
		{88FEAB73-CFF5-49AD-9A02-443AF7B32A6E}.Debug|Any CPU.Build.0 = Debug|Any CPU
		{88FEAB73-CFF5-49AD-9A02-443AF7B32A6E}.Release|Any CPU.ActiveCfg = Release|Any CPU
		{88FEAB73-CFF5-49AD-9A02-443AF7B32A6E}.Release|Any CPU.Build.0 = Release|Any CPU
		{2BC7C090-E05A-494E-8AD6-F28FD496F9AB}.Debug|Any CPU.ActiveCfg = Debug|Any CPU
		{2BC7C090-E05A-494E-8AD6-F28FD496F9AB}.Debug|Any CPU.Build.0 = Debug|Any CPU
		{2BC7C090-E05A-494E-8AD6-F28FD496F9AB}.Release|Any CPU.ActiveCfg = Release|Any CPU
		{2BC7C090-E05A-494E-8AD6-F28FD496F9AB}.Release|Any CPU.Build.0 = Release|Any CPU
	EndGlobalSection
	GlobalSection(SolutionProperties) = preSolution
		HideSolutionNode = FALSE
	EndGlobalSection
	GlobalSection(NestedProjects) = preSolution
		{572BEA2C-2479-4539-8D06-71AF04300A65} = {2E82BE29-572C-4CAF-9C19-4E0CD5BB9A8A}
		{3FE695F2-0429-4E23-9DBF-5B10BEE8E067} = {572BEA2C-2479-4539-8D06-71AF04300A65}
		{6451EBFE-B747-4FE3-B0BE-76D8797E1E1B} = {3FE695F2-0429-4E23-9DBF-5B10BEE8E067}
		{44E385F2-E99B-4A54-8323-00A5FA16FE65} = {6451EBFE-B747-4FE3-B0BE-76D8797E1E1B}
		{DED124CA-FE39-4151-834A-FBA78123437A} = {3FE695F2-0429-4E23-9DBF-5B10BEE8E067}
		{7EC22336-66A2-4DE2-ACB5-BE1CD2728025} = {DED124CA-FE39-4151-834A-FBA78123437A}
		{B1A312DB-4D3A-4232-8333-9A44456B9780} = {6451EBFE-B747-4FE3-B0BE-76D8797E1E1B}
		{88FEAB73-CFF5-49AD-9A02-443AF7B32A6E} = {6451EBFE-B747-4FE3-B0BE-76D8797E1E1B}
		{1C5CF5DC-E743-43B1-91FE-F8376988E173} = {3FE695F2-0429-4E23-9DBF-5B10BEE8E067}
		{2BC7C090-E05A-494E-8AD6-F28FD496F9AB} = {1C5CF5DC-E743-43B1-91FE-F8376988E173}
	EndGlobalSection
	GlobalSection(ExtensibilityGlobals) = postSolution
		SolutionGuid = {E14666FA-F5FA-4C1D-A6DC-5A776EE42A06}
	EndGlobalSection
EndGlobal
